
Microsoft Visual Studio Solution File, Format Version 12.00
# Visual Studio Version 17
VisualStudioVersion = 17.3.32922.545
MinimumVisualStudioVersion = 10.0.40219.1
Project("{FAE04EC0-301F-11D3-BF4B-00C04F79EFBC}") = "File Organizer", "File Organizer\File Organizer.csproj", "{D53D442E-EEAF-4EED-A8A8-9D15367C6EFA}"
EndProject
Global
	GlobalSection(SolutionConfigurationPlatforms) = preSolution
		Debug|Any CPU = Debug|Any CPU
		Release|Any CPU = Release|Any CPU
	EndGlobalSection
	GlobalSection(ProjectConfigurationPlatforms) = postSolution
		{D53D442E-EEAF-4EED-A8A8-9D15367C6EFA}.Debug|Any CPU.ActiveCfg = Debug|Any CPU
		{D53D442E-EEAF-4EED-A8A8-9D15367C6EFA}.Debug|Any CPU.Build.0 = Debug|Any CPU
		{D53D442E-EEAF-4EED-A8A8-9D15367C6EFA}.Release|Any CPU.ActiveCfg = Release|Any CPU
		{D53D442E-EEAF-4EED-A8A8-9D15367C6EFA}.Release|Any CPU.Build.0 = Release|Any CPU
	EndGlobalSection
	GlobalSection(SolutionProperties) = preSolution
		HideSolutionNode = FALSE
	EndGlobalSection
	GlobalSection(ExtensibilityGlobals) = postSolution
		SolutionGuid = {7C968F73-CB77-483D-ACC6-37C7CA2FE3C6}
	EndGlobalSection
EndGlobal
